
Microsoft Visual Studio Solution File, Format Version 12.00
# Visual Studio Version 16
VisualStudioVersion = 16.0.31205.134
MinimumVisualStudioVersion = 10.0.40219.1
Project("{9A19103F-16F7-4668-BE54-9A1E7A4F7556}") = "HideAndSeek", "HideAndSeek\HideAndSeek.csproj", "{B76323A7-F48F-448C-B505-7CA201334A81}"
EndProject
Project("{FAE04EC0-301F-11D3-BF4B-00C04F79EFBC}") = "HideAndSeekTests", "HideAndSeekTests\HideAndSeekTests.csproj", "{16B6061D-1337-42A1-940E-2D599ED1515F}"
EndProject
Global
	GlobalSection(SolutionConfigurationPlatforms) = preSolution
		Debug|Any CPU = Debug|Any CPU
		Release|Any CPU = Release|Any CPU
	EndGlobalSection
	GlobalSection(ProjectConfigurationPlatforms) = postSolution
		{B76323A7-F48F-448C-B505-7CA201334A81}.Debug|Any CPU.ActiveCfg = Debug|Any CPU
		{B76323A7-F48F-448C-B505-7CA201334A81}.Debug|Any CPU.Build.0 = Debug|Any CPU
		{B76323A7-F48F-448C-B505-7CA201334A81}.Release|Any CPU.ActiveCfg = Release|Any CPU
		{B76323A7-F48F-448C-B505-7CA201334A81}.Release|Any CPU.Build.0 = Release|Any CPU
		{16B6061D-1337-42A1-940E-2D599ED1515F}.Debug|Any CPU.ActiveCfg = Debug|Any CPU
		{16B6061D-1337-42A1-940E-2D599ED1515F}.Debug|Any CPU.Build.0 = Debug|Any CPU
		{16B6061D-1337-42A1-940E-2D599ED1515F}.Release|Any CPU.ActiveCfg = Release|Any CPU
		{16B6061D-1337-42A1-940E-2D599ED1515F}.Release|Any CPU.Build.0 = Release|Any CPU
	EndGlobalSection
	GlobalSection(SolutionProperties) = preSolution
		HideSolutionNode = FALSE
	EndGlobalSection
	GlobalSection(ExtensibilityGlobals) = postSolution
		SolutionGuid = {A475FDF7-3A20-4700-8CBB-2A71942F91D2}
	EndGlobalSection
EndGlobal
